
Microsoft Visual Studio Solution File, Format Version 12.00
# Visual Studio Version 17
VisualStudioVersion = 17.13.35723.152 d17.13
MinimumVisualStudioVersion = 10.0.40219.1
Project("{FAE04EC0-301F-11D3-BF4B-00C04F79EFBC}") = "UltrawideDancer", "UltrawideDancer\UltrawideDancer.csproj", "{49C0563E-B56C-6581-7BEB-9C0BCBC46BB2}"
EndProject
Global
	GlobalSection(SolutionConfigurationPlatforms) = preSolution
		Debug|Any CPU = Debug|Any CPU
		Release|Any CPU = Release|Any CPU
	EndGlobalSection
	GlobalSection(ProjectConfigurationPlatforms) = postSolution
		{49C0563E-B56C-6581-7BEB-9C0BCBC46BB2}.Debug|Any CPU.ActiveCfg = Debug|Any CPU
		{49C0563E-B56C-6581-7BEB-9C0BCBC46BB2}.Debug|Any CPU.Build.0 = Debug|Any CPU
		{49C0563E-B56C-6581-7BEB-9C0BCBC46BB2}.Release|Any CPU.ActiveCfg = Release|Any CPU
		{49C0563E-B56C-6581-7BEB-9C0BCBC46BB2}.Release|Any CPU.Build.0 = Release|Any CPU
	EndGlobalSection
	GlobalSection(SolutionProperties) = preSolution
		HideSolutionNode = FALSE
	EndGlobalSection
	GlobalSection(ExtensibilityGlobals) = postSolution
		SolutionGuid = {A555D9E6-C0FE-4535-AE96-6119FA95C1FA}
	EndGlobalSection
EndGlobal
